
Microsoft Visual Studio Solution File, Format Version 12.00
# Visual Studio 2015
Project("{FAE04EC0-301F-11D3-BF4B-00C04F79EFBC}") = "Q-Learning", "Q-Learning.csproj", "{2AF26FC0-1E73-AE21-F4A4-50A7ABEB4565}"
EndProject
Global
	GlobalSection(SolutionConfigurationPlatforms) = preSolution
		Debug|Any CPU = Debug|Any CPU
		Release|Any CPU = Release|Any CPU
	EndGlobalSection
	GlobalSection(ProjectConfigurationPlatforms) = postSolution
		{2AF26FC0-1E73-AE21-F4A4-50A7ABEB4565}.Debug|Any CPU.ActiveCfg = Debug|Any CPU
		{2AF26FC0-1E73-AE21-F4A4-50A7ABEB4565}.Debug|Any CPU.Build.0 = Debug|Any CPU
		{2AF26FC0-1E73-AE21-F4A4-50A7ABEB4565}.Release|Any CPU.ActiveCfg = Release|Any CPU
		{2AF26FC0-1E73-AE21-F4A4-50A7ABEB4565}.Release|Any CPU.Build.0 = Release|Any CPU
	EndGlobalSection
	GlobalSection(SolutionProperties) = preSolution
		HideSolutionNode = FALSE
	EndGlobalSection
EndGlobal
